// !$*UTF8*$!
{
	archiveVersion = 1;
	classes = {
	};
	objectVersion = 55;
	objects = {

/* Begin PBXBuildFile section */
		260F68E5281DBD63002E864B /* ImagePicker.swift in Sources */ = {isa = PBXBuildFile; fileRef = 260F68E4281DBD62002E864B /* ImagePicker.swift */; };
		260F68E7281DBD68002E864B /* CollageFiveView.swift in Sources */ = {isa = PBXBuildFile; fileRef = 260F68E6281DBD68002E864B /* CollageFiveView.swift */; };
		260F68E9281DBD75002E864B /* CollageFourView.swift in Sources */ = {isa = PBXBuildFile; fileRef = 260F68E8281DBD75002E864B /* CollageFourView.swift */; };
		260F68EB281DBD7A002E864B /* CollageOneView.swift in Sources */ = {isa = PBXBuildFile; fileRef = 260F68EA281DBD7A002E864B /* CollageOneView.swift */; };
		260F68ED281DBD8D002E864B /* CollageSixView.swift in Sources */ = {isa = PBXBuildFile; fileRef = 260F68EC281DBD8D002E864B /* CollageSixView.swift */; };
		260F68EF281DBD93002E864B /* CollageStyleMenu.swift in Sources */ = {isa = PBXBuildFile; fileRef = 260F68EE281DBD93002E864B /* CollageStyleMenu.swift */; };
		260F68F1281DBDA2002E864B /* CollageTwoView.swift in Sources */ = {isa = PBXBuildFile; fileRef = 260F68F0281DBDA2002E864B /* CollageTwoView.swift */; };
		260F68F3281DBDA7002E864B /* CollageThreeView.swift in Sources */ = {isa = PBXBuildFile; fileRef = 260F68F2281DBDA7002E864B /* CollageThreeView.swift */; };
		260F68F5281DBDCD002E864B /* OccassionsMenu.swift in Sources */ = {isa = PBXBuildFile; fileRef = 260F68F4281DBDCD002E864B /* OccassionsMenu.swift */; };
		260F68F7281DBDD2002E864B /* UnsplashCollectionView.swift in Sources */ = {isa = PBXBuildFile; fileRef = 260F68F6281DBDD2002E864B /* UnsplashCollectionView.swift */; };
		260F68FA281DBE61002E864B /* PhotoAPI.swift in Sources */ = {isa = PBXBuildFile; fileRef = 260F68F9281DBE61002E864B /* PhotoAPI.swift */; };
		260F68FC281DBEA0002E864B /* UnsplashResponse.swift in Sources */ = {isa = PBXBuildFile; fileRef = 260F68FB281DBEA0002E864B /* UnsplashResponse.swift */; };
		260F68FE281DBEBD002E864B /* PingDownloadResponse.swift in Sources */ = {isa = PBXBuildFile; fileRef = 260F68FD281DBEBD002E864B /* PingDownloadResponse.swift */; };
		260F6907281DC0E3002E864B /* LoginView.swift in Sources */ = {isa = PBXBuildFile; fileRef = 260F6906281DC0E3002E864B /* LoginView.swift */; };
		262C3ED3281E1E9C00F07C01 /* MenuView.swift in Sources */ = {isa = PBXBuildFile; fileRef = 262C3ED2281E1E9C00F07C01 /* MenuView.swift */; };
		262C3ED5281E226F00F07C01 /* ShowPriorCardsView.swift in Sources */ = {isa = PBXBuildFile; fileRef = 262C3ED4281E226F00F07C01 /* ShowPriorCardsView.swift */; };
		2688D704285FA24300954120 /* SnapShotECard.swift in Sources */ = {isa = PBXBuildFile; fileRef = 2688D703285FA24200954120 /* SnapShotECard.swift */; };
		2688D706285FA25100954120 /* SnapShotCardForPrint.swift in Sources */ = {isa = PBXBuildFile; fileRef = 2688D705285FA25100954120 /* SnapShotCardForPrint.swift */; };
		26A72180281DB8D500ADAE44 /* GreetMe_2App.swift in Sources */ = {isa = PBXBuildFile; fileRef = 26A7217F281DB8D500ADAE44 /* GreetMe_2App.swift */; };
		26A72184281DB8D900ADAE44 /* Assets.xcassets in Resources */ = {isa = PBXBuildFile; fileRef = 26A72183281DB8D900ADAE44 /* Assets.xcassets */; };
		26A72187281DB8D900ADAE44 /* Preview Assets.xcassets in Resources */ = {isa = PBXBuildFile; fileRef = 26A72186281DB8D900ADAE44 /* Preview Assets.xcassets */; };
		26A7218C281DB8D900ADAE44 /* GreetMe_2.xcdatamodeld in Sources */ = {isa = PBXBuildFile; fileRef = 26A7218A281DB8D900ADAE44 /* GreetMe_2.xcdatamodeld */; };
		26AD8127281F05160069C3F0 /* WriteNoteView.swift in Sources */ = {isa = PBXBuildFile; fileRef = 26AD8126281F05160069C3F0 /* WriteNoteView.swift */; };
		26AD8129281F05310069C3F0 /* FinalizeCardView.swift in Sources */ = {isa = PBXBuildFile; fileRef = 26AD8128281F05310069C3F0 /* FinalizeCardView.swift */; };
		26AD812B281F119A0069C3F0 /* ConfirmFrontCoverView.swift in Sources */ = {isa = PBXBuildFile; fileRef = 26AD812A281F119A0069C3F0 /* ConfirmFrontCoverView.swift */; };
		26EB55652827120C00178F0B /* EnlargeECard.swift in Sources */ = {isa = PBXBuildFile; fileRef = 26EB55642827120C00178F0B /* EnlargeECard.swift */; };
		2FA2853DA68002C942D1B78C /* Pods_GreetMe_2.framework in Frameworks */ = {isa = PBXBuildFile; fileRef = 7F1AE8F60D22915F8D334B20 /* Pods_GreetMe_2.framework */; };
		C2163D0E28C1609C00DEE861 /* ScheduleDelivery.swift in Sources */ = {isa = PBXBuildFile; fileRef = C2163D0D28C1609C00DEE861 /* ScheduleDelivery.swift */; };
		C22803E6289358E500802452 /* CloudSharingController.swift in Sources */ = {isa = PBXBuildFile; fileRef = C22803E5289358E500802452 /* CloudSharingController.swift */; };
		C22803E8289359AD00802452 /* CoreDataStack.swift in Sources */ = {isa = PBXBuildFile; fileRef = C22803E7289359AD00802452 /* CoreDataStack.swift */; };
		C23340EB28C3D589006222F5 /* FutureDelivery+CoreDataProperties.swift in Sources */ = {isa = PBXBuildFile; fileRef = C23340EA28C3D589006222F5 /* FutureDelivery+CoreDataProperties.swift */; };
		C23340ED28C3D58D006222F5 /* FutureDelivery+CoreDataClass.swift in Sources */ = {isa = PBXBuildFile; fileRef = C23340EC28C3D58D006222F5 /* FutureDelivery+CoreDataClass.swift */; };
		C23524D22896D5F80052494F /* PreSetCalendarDates.swift in Sources */ = {isa = PBXBuildFile; fileRef = C23524D12896D5F80052494F /* PreSetCalendarDates.swift */; };
		C237E6DD294B3FE300E472AD /* CKModel.swift in Sources */ = {isa = PBXBuildFile; fileRef = C237E6DC294B3FE300E472AD /* CKModel.swift */; };
		C23A9D222897ECA90059B97C /* Card.swift in Sources */ = {isa = PBXBuildFile; fileRef = C23A9D212897ECA90059B97C /* Card.swift */; };
		C23A9D372897F3F00059B97C /* CalendarDate+CoreDataClass.swift in Sources */ = {isa = PBXBuildFile; fileRef = C23A9D352897F3F00059B97C /* CalendarDate+CoreDataClass.swift */; };
		C23A9D382897F3F00059B97C /* CalendarDate+CoreDataProperties.swift in Sources */ = {isa = PBXBuildFile; fileRef = C23A9D362897F3F00059B97C /* CalendarDate+CoreDataProperties.swift */; };
		C23A9D3A28989B630059B97C /* DateDetailView.swift in Sources */ = {isa = PBXBuildFile; fileRef = C23A9D3928989B630059B97C /* DateDetailView.swift */; };
		C23A9D3C28989C340059B97C /* CalendarView.swift in Sources */ = {isa = PBXBuildFile; fileRef = C23A9D3B28989C340059B97C /* CalendarView.swift */; };
		C23B622128B5ABE300D88F85 /* Notify.swift in Sources */ = {isa = PBXBuildFile; fileRef = C23B622028B5ABE300D88F85 /* Notify.swift */; };
		C267127528D92D70004DD0B5 /* OpenOwnerShare.swift in Sources */ = {isa = PBXBuildFile; fileRef = C267127428D92D70004DD0B5 /* OpenOwnerShare.swift */; };
		C27430FC286335F000E17B19 /* CameraCapture.swift in Sources */ = {isa = PBXBuildFile; fileRef = C27430FB286335F000E17B19 /* CameraCapture.swift */; };
		C28B13F828E3E106008E2C4C /* AppDelegate.swift in Sources */ = {isa = PBXBuildFile; fileRef = C28B13F728E3E106008E2C4C /* AppDelegate.swift */; };
		C2B650CA287AFFF90002E252 /* CloudKit.framework in Frameworks */ = {isa = PBXBuildFile; fileRef = C2B650C9287AFFF90002E252 /* CloudKit.framework */; };
		C2D0B0A5287E2DC300198F0B /* ConfettiSwiftUI in Frameworks */ = {isa = PBXBuildFile; productRef = C2D0B0A4287E2DC300198F0B /* ConfettiSwiftUI */; };
		C2DE5C98289EFECC00F8C556 /* AddEventToCalendarForm.swift in Sources */ = {isa = PBXBuildFile; fileRef = C2DE5C97289EFECC00F8C556 /* AddEventToCalendarForm.swift */; };
/* End PBXBuildFile section */

/* Begin PBXFileReference section */
		260F68E4281DBD62002E864B /* ImagePicker.swift */ = {isa = PBXFileReference; fileEncoding = 4; lastKnownFileType = sourcecode.swift; path = ImagePicker.swift; sourceTree = "<group>"; };
		260F68E6281DBD68002E864B /* CollageFiveView.swift */ = {isa = PBXFileReference; fileEncoding = 4; lastKnownFileType = sourcecode.swift; path = CollageFiveView.swift; sourceTree = "<group>"; };
		260F68E8281DBD75002E864B /* CollageFourView.swift */ = {isa = PBXFileReference; fileEncoding = 4; lastKnownFileType = sourcecode.swift; path = CollageFourView.swift; sourceTree = "<group>"; };
		260F68EA281DBD7A002E864B /* CollageOneView.swift */ = {isa = PBXFileReference; fileEncoding = 4; lastKnownFileType = sourcecode.swift; path = CollageOneView.swift; sourceTree = "<group>"; };
		260F68EC281DBD8D002E864B /* CollageSixView.swift */ = {isa = PBXFileReference; fileEncoding = 4; lastKnownFileType = sourcecode.swift; path = CollageSixView.swift; sourceTree = "<group>"; };
		260F68EE281DBD93002E864B /* CollageStyleMenu.swift */ = {isa = PBXFileReference; fileEncoding = 4; lastKnownFileType = sourcecode.swift; path = CollageStyleMenu.swift; sourceTree = "<group>"; };
		260F68F0281DBDA2002E864B /* CollageTwoView.swift */ = {isa = PBXFileReference; fileEncoding = 4; lastKnownFileType = sourcecode.swift; path = CollageTwoView.swift; sourceTree = "<group>"; };
		260F68F2281DBDA7002E864B /* CollageThreeView.swift */ = {isa = PBXFileReference; fileEncoding = 4; lastKnownFileType = sourcecode.swift; path = CollageThreeView.swift; sourceTree = "<group>"; };
		260F68F4281DBDCD002E864B /* OccassionsMenu.swift */ = {isa = PBXFileReference; fileEncoding = 4; lastKnownFileType = sourcecode.swift; path = OccassionsMenu.swift; sourceTree = "<group>"; };
		260F68F6281DBDD2002E864B /* UnsplashCollectionView.swift */ = {isa = PBXFileReference; fileEncoding = 4; lastKnownFileType = sourcecode.swift; path = UnsplashCollectionView.swift; sourceTree = "<group>"; };
		260F68F9281DBE61002E864B /* PhotoAPI.swift */ = {isa = PBXFileReference; lastKnownFileType = sourcecode.swift; path = PhotoAPI.swift; sourceTree = "<group>"; };
		260F68FB281DBEA0002E864B /* UnsplashResponse.swift */ = {isa = PBXFileReference; lastKnownFileType = sourcecode.swift; path = UnsplashResponse.swift; sourceTree = "<group>"; };
		260F68FD281DBEBD002E864B /* PingDownloadResponse.swift */ = {isa = PBXFileReference; lastKnownFileType = sourcecode.swift; path = PingDownloadResponse.swift; sourceTree = "<group>"; };
		260F6906281DC0E3002E864B /* LoginView.swift */ = {isa = PBXFileReference; lastKnownFileType = sourcecode.swift; path = LoginView.swift; sourceTree = "<group>"; };
		260F6908281DEAE7002E864B /* GreetMe-2.entitlements */ = {isa = PBXFileReference; lastKnownFileType = text.plist.entitlements; path = "GreetMe-2.entitlements"; sourceTree = "<group>"; };
		262C3ED2281E1E9C00F07C01 /* MenuView.swift */ = {isa = PBXFileReference; lastKnownFileType = sourcecode.swift; path = MenuView.swift; sourceTree = "<group>"; };
		262C3ED4281E226F00F07C01 /* ShowPriorCardsView.swift */ = {isa = PBXFileReference; lastKnownFileType = sourcecode.swift; path = ShowPriorCardsView.swift; sourceTree = "<group>"; };
		2650FFCD285C9C340020980E /* Info.plist */ = {isa = PBXFileReference; lastKnownFileType = text.plist; path = Info.plist; sourceTree = "<group>"; };
		2688D703285FA24200954120 /* SnapShotECard.swift */ = {isa = PBXFileReference; lastKnownFileType = sourcecode.swift; path = SnapShotECard.swift; sourceTree = "<group>"; };
		2688D705285FA25100954120 /* SnapShotCardForPrint.swift */ = {isa = PBXFileReference; lastKnownFileType = sourcecode.swift; path = SnapShotCardForPrint.swift; sourceTree = "<group>"; };
		26A7217C281DB8D500ADAE44 /* GreetMe-2.app */ = {isa = PBXFileReference; explicitFileType = wrapper.application; includeInIndex = 0; path = "GreetMe-2.app"; sourceTree = BUILT_PRODUCTS_DIR; };
		26A7217F281DB8D500ADAE44 /* GreetMe_2App.swift */ = {isa = PBXFileReference; lastKnownFileType = sourcecode.swift; path = GreetMe_2App.swift; sourceTree = "<group>"; };
		26A72183281DB8D900ADAE44 /* Assets.xcassets */ = {isa = PBXFileReference; lastKnownFileType = folder.assetcatalog; path = Assets.xcassets; sourceTree = "<group>"; };
		26A72186281DB8D900ADAE44 /* Preview Assets.xcassets */ = {isa = PBXFileReference; lastKnownFileType = folder.assetcatalog; path = "Preview Assets.xcassets"; sourceTree = "<group>"; };
		26A7218B281DB8D900ADAE44 /* GreetMe_2.xcdatamodel */ = {isa = PBXFileReference; lastKnownFileType = wrapper.xcdatamodel; path = GreetMe_2.xcdatamodel; sourceTree = "<group>"; };
		26AD8126281F05160069C3F0 /* WriteNoteView.swift */ = {isa = PBXFileReference; lastKnownFileType = sourcecode.swift; path = WriteNoteView.swift; sourceTree = "<group>"; };
		26AD8128281F05310069C3F0 /* FinalizeCardView.swift */ = {isa = PBXFileReference; lastKnownFileType = sourcecode.swift; path = FinalizeCardView.swift; sourceTree = "<group>"; };
		26AD812A281F119A0069C3F0 /* ConfirmFrontCoverView.swift */ = {isa = PBXFileReference; lastKnownFileType = sourcecode.swift; path = ConfirmFrontCoverView.swift; sourceTree = "<group>"; };
		26EB55642827120C00178F0B /* EnlargeECard.swift */ = {isa = PBXFileReference; lastKnownFileType = sourcecode.swift; path = EnlargeECard.swift; sourceTree = "<group>"; };
		7F1AE8F60D22915F8D334B20 /* Pods_GreetMe_2.framework */ = {isa = PBXFileReference; explicitFileType = wrapper.framework; includeInIndex = 0; path = Pods_GreetMe_2.framework; sourceTree = BUILT_PRODUCTS_DIR; };
		93AAAE1CF8AE1CB82C760293 /* Pods-GreetMe-2.debug.xcconfig */ = {isa = PBXFileReference; includeInIndex = 1; lastKnownFileType = text.xcconfig; name = "Pods-GreetMe-2.debug.xcconfig"; path = "Target Support Files/Pods-GreetMe-2/Pods-GreetMe-2.debug.xcconfig"; sourceTree = "<group>"; };
		C2163D0D28C1609C00DEE861 /* ScheduleDelivery.swift */ = {isa = PBXFileReference; lastKnownFileType = sourcecode.swift; path = ScheduleDelivery.swift; sourceTree = "<group>"; };
		C22803E5289358E500802452 /* CloudSharingController.swift */ = {isa = PBXFileReference; fileEncoding = 4; lastKnownFileType = sourcecode.swift; name = CloudSharingController.swift; path = "../../../../../Downloads/MyTravelJournal-3/final/MyTravelJournal/Controller/CloudSharingController.swift"; sourceTree = "<group>"; };
		C22803E7289359AD00802452 /* CoreDataStack.swift */ = {isa = PBXFileReference; fileEncoding = 4; lastKnownFileType = sourcecode.swift; name = CoreDataStack.swift; path = "../../../../../Downloads/MyTravelJournal-3/final/MyTravelJournal/Helper/CoreDataStack.swift"; sourceTree = "<group>"; };
		C23340EA28C3D589006222F5 /* FutureDelivery+CoreDataProperties.swift */ = {isa = PBXFileReference; fileEncoding = 4; lastKnownFileType = sourcecode.swift; path = "FutureDelivery+CoreDataProperties.swift"; sourceTree = "<group>"; };
		C23340EC28C3D58D006222F5 /* FutureDelivery+CoreDataClass.swift */ = {isa = PBXFileReference; fileEncoding = 4; lastKnownFileType = sourcecode.swift; path = "FutureDelivery+CoreDataClass.swift"; sourceTree = "<group>"; };
		C23524D12896D5F80052494F /* PreSetCalendarDates.swift */ = {isa = PBXFileReference; lastKnownFileType = sourcecode.swift; path = PreSetCalendarDates.swift; sourceTree = "<group>"; };
		C237E6DC294B3FE300E472AD /* CKModel.swift */ = {isa = PBXFileReference; lastKnownFileType = sourcecode.swift; path = CKModel.swift; sourceTree = "<group>"; };
		C23A9D212897ECA90059B97C /* Card.swift */ = {isa = PBXFileReference; fileEncoding = 4; lastKnownFileType = sourcecode.swift; path = Card.swift; sourceTree = "<group>"; };
		C23A9D352897F3F00059B97C /* CalendarDate+CoreDataClass.swift */ = {isa = PBXFileReference; fileEncoding = 4; lastKnownFileType = sourcecode.swift; path = "CalendarDate+CoreDataClass.swift"; sourceTree = "<group>"; };
		C23A9D362897F3F00059B97C /* CalendarDate+CoreDataProperties.swift */ = {isa = PBXFileReference; fileEncoding = 4; lastKnownFileType = sourcecode.swift; path = "CalendarDate+CoreDataProperties.swift"; sourceTree = "<group>"; };
		C23A9D3928989B630059B97C /* DateDetailView.swift */ = {isa = PBXFileReference; lastKnownFileType = sourcecode.swift; path = DateDetailView.swift; sourceTree = "<group>"; };
		C23A9D3B28989C340059B97C /* CalendarView.swift */ = {isa = PBXFileReference; lastKnownFileType = sourcecode.swift; path = CalendarView.swift; sourceTree = "<group>"; };
		C23B622028B5ABE300D88F85 /* Notify.swift */ = {isa = PBXFileReference; lastKnownFileType = sourcecode.swift; path = Notify.swift; sourceTree = "<group>"; };
		C267127428D92D70004DD0B5 /* OpenOwnerShare.swift */ = {isa = PBXFileReference; lastKnownFileType = sourcecode.swift; path = OpenOwnerShare.swift; sourceTree = "<group>"; };
		C27430FB286335F000E17B19 /* CameraCapture.swift */ = {isa = PBXFileReference; lastKnownFileType = sourcecode.swift; path = CameraCapture.swift; sourceTree = "<group>"; };
		C28B13F728E3E106008E2C4C /* AppDelegate.swift */ = {isa = PBXFileReference; lastKnownFileType = sourcecode.swift; path = AppDelegate.swift; sourceTree = "<group>"; };
		C2B650C9287AFFF90002E252 /* CloudKit.framework */ = {isa = PBXFileReference; lastKnownFileType = wrapper.framework; name = CloudKit.framework; path = System/Library/Frameworks/CloudKit.framework; sourceTree = SDKROOT; };
		C2DE5C97289EFECC00F8C556 /* AddEventToCalendarForm.swift */ = {isa = PBXFileReference; lastKnownFileType = sourcecode.swift; path = AddEventToCalendarForm.swift; sourceTree = "<group>"; };
		EA0978C9D748CE0611B19D5A /* Pods-GreetMe-2.release.xcconfig */ = {isa = PBXFileReference; includeInIndex = 1; lastKnownFileType = text.xcconfig; name = "Pods-GreetMe-2.release.xcconfig"; path = "Target Support Files/Pods-GreetMe-2/Pods-GreetMe-2.release.xcconfig"; sourceTree = "<group>"; };
/* End PBXFileReference section */

/* Begin PBXFrameworksBuildPhase section */
		26A72179281DB8D500ADAE44 /* Frameworks */ = {
			isa = PBXFrameworksBuildPhase;
			buildActionMask = 2147483647;
			files = (
				C2D0B0A5287E2DC300198F0B /* ConfettiSwiftUI in Frameworks */,
				C2B650CA287AFFF90002E252 /* CloudKit.framework in Frameworks */,
				2FA2853DA68002C942D1B78C /* Pods_GreetMe_2.framework in Frameworks */,
			);
			runOnlyForDeploymentPostprocessing = 0;
		};
/* End PBXFrameworksBuildPhase section */

/* Begin PBXGroup section */
		260F68F8281DBDED002E864B /* CollageViews */ = {
			isa = PBXGroup;
			children = (
				260F68EA281DBD7A002E864B /* CollageOneView.swift */,
				260F68F0281DBDA2002E864B /* CollageTwoView.swift */,
				260F68F2281DBDA7002E864B /* CollageThreeView.swift */,
				260F68E8281DBD75002E864B /* CollageFourView.swift */,
				260F68E6281DBD68002E864B /* CollageFiveView.swift */,
				260F68EC281DBD8D002E864B /* CollageSixView.swift */,
			);
			path = CollageViews;
			sourceTree = "<group>";
		};
		260F6901281DBF28002E864B /* Menus */ = {
			isa = PBXGroup;
			children = (
				260F6906281DC0E3002E864B /* LoginView.swift */,
				262C3ED2281E1E9C00F07C01 /* MenuView.swift */,
				C2DE5C97289EFECC00F8C556 /* AddEventToCalendarForm.swift */,
				260F68F4281DBDCD002E864B /* OccassionsMenu.swift */,
				260F68EE281DBD93002E864B /* CollageStyleMenu.swift */,
				262C3ED4281E226F00F07C01 /* ShowPriorCardsView.swift */,
				C2163D0D28C1609C00DEE861 /* ScheduleDelivery.swift */,
				C23A9D3928989B630059B97C /* DateDetailView.swift */,
				C23A9D3B28989C340059B97C /* CalendarView.swift */,
				C267127428D92D70004DD0B5 /* OpenOwnerShare.swift */,
			);
			path = Menus;
			sourceTree = "<group>";
		};
		260F6902281DBF41002E864B /* Model */ = {
			isa = PBXGroup;
			children = (
				C23524D12896D5F80052494F /* PreSetCalendarDates.swift */,
				C23A9D212897ECA90059B97C /* Card.swift */,
				C237E6DC294B3FE300E472AD /* CKModel.swift */,
				C22803E5289358E500802452 /* CloudSharingController.swift */,
				C22803E7289359AD00802452 /* CoreDataStack.swift */,
				26A7218A281DB8D900ADAE44 /* GreetMe_2.xcdatamodeld */,
			);
			path = Model;
			sourceTree = "<group>";
		};
		260F6903281DBF55002E864B /* Responses */ = {
			isa = PBXGroup;
			children = (
				260F68FB281DBEA0002E864B /* UnsplashResponse.swift */,
				260F68FD281DBEBD002E864B /* PingDownloadResponse.swift */,
			);
			path = Responses;
			sourceTree = "<group>";
		};
		260F6904281DBFAB002E864B /* UnsplashInteractions */ = {
			isa = PBXGroup;
			children = (
				26AD812A281F119A0069C3F0 /* ConfirmFrontCoverView.swift */,
				260F68F9281DBE61002E864B /* PhotoAPI.swift */,
				260F6903281DBF55002E864B /* Responses */,
				260F68F6281DBDD2002E864B /* UnsplashCollectionView.swift */,
			);
			path = UnsplashInteractions;
			sourceTree = "<group>";
		};
		260F6905281DC024002E864B /* Other */ = {
			isa = PBXGroup;
			children = (
				26A72183281DB8D900ADAE44 /* Assets.xcassets */,
			);
			path = Other;
			sourceTree = "<group>";
		};
		26A72173281DB8D500ADAE44 = {
			isa = PBXGroup;
			children = (
				C23340EC28C3D58D006222F5 /* FutureDelivery+CoreDataClass.swift */,
				C23340EA28C3D589006222F5 /* FutureDelivery+CoreDataProperties.swift */,
				C23A9D352897F3F00059B97C /* CalendarDate+CoreDataClass.swift */,
				C23A9D362897F3F00059B97C /* CalendarDate+CoreDataProperties.swift */,
				26A7217F281DB8D500ADAE44 /* GreetMe_2App.swift */,
				C28B13F728E3E106008E2C4C /* AppDelegate.swift */,
				26A7217E281DB8D500ADAE44 /* GreetMe-2 */,
				26A7217D281DB8D500ADAE44 /* Products */,
				C2B650C8287AFFF90002E252 /* Frameworks */,
				59C973DCA9F45EDFFEFA334A /* Pods */,
			);
			sourceTree = "<group>";
		};
		26A7217D281DB8D500ADAE44 /* Products */ = {
			isa = PBXGroup;
			children = (
				26A7217C281DB8D500ADAE44 /* GreetMe-2.app */,
			);
			name = Products;
			sourceTree = "<group>";
		};
		26A7217E281DB8D500ADAE44 /* GreetMe-2 */ = {
			isa = PBXGroup;
			children = (
				2650FFCD285C9C340020980E /* Info.plist */,
				260F6908281DEAE7002E864B /* GreetMe-2.entitlements */,
				C23B622028B5ABE300D88F85 /* Notify.swift */,
				260F6902281DBF41002E864B /* Model */,
				260F6901281DBF28002E864B /* Menus */,
				260F68F8281DBDED002E864B /* CollageViews */,
				260F6904281DBFAB002E864B /* UnsplashInteractions */,
				C2729FFA286FA8B300FD6D0C /* Finalize & Save */,
				C2729FFB286FB80100FD6D0C /* PhotoLibrary & Camera */,
				260F6905281DC024002E864B /* Other */,
				26A72185281DB8D900ADAE44 /* Preview Content */,
			);
			path = "GreetMe-2";
			sourceTree = "<group>";
		};
		26A72185281DB8D900ADAE44 /* Preview Content */ = {
			isa = PBXGroup;
			children = (
				26A72186281DB8D900ADAE44 /* Preview Assets.xcassets */,
			);
			path = "Preview Content";
			sourceTree = "<group>";
		};
		59C973DCA9F45EDFFEFA334A /* Pods */ = {
			isa = PBXGroup;
			children = (
				93AAAE1CF8AE1CB82C760293 /* Pods-GreetMe-2.debug.xcconfig */,
				EA0978C9D748CE0611B19D5A /* Pods-GreetMe-2.release.xcconfig */,
			);
			path = Pods;
			sourceTree = "<group>";
		};
		C2729FFA286FA8B300FD6D0C /* Finalize & Save */ = {
			isa = PBXGroup;
			children = (
				26AD8126281F05160069C3F0 /* WriteNoteView.swift */,
				26AD8128281F05310069C3F0 /* FinalizeCardView.swift */,
				2688D703285FA24200954120 /* SnapShotECard.swift */,
				2688D705285FA25100954120 /* SnapShotCardForPrint.swift */,
				26EB55642827120C00178F0B /* EnlargeECard.swift */,
			);
			name = "Finalize & Save";
			path = "../Finalize & Save";
			sourceTree = "<group>";
		};
		C2729FFB286FB80100FD6D0C /* PhotoLibrary & Camera */ = {
			isa = PBXGroup;
			children = (
				C27430FB286335F000E17B19 /* CameraCapture.swift */,
				260F68E4281DBD62002E864B /* ImagePicker.swift */,
			);
			path = "PhotoLibrary & Camera";
			sourceTree = "<group>";
		};
		C2B650C8287AFFF90002E252 /* Frameworks */ = {
			isa = PBXGroup;
			children = (
				C2B650C9287AFFF90002E252 /* CloudKit.framework */,
				7F1AE8F60D22915F8D334B20 /* Pods_GreetMe_2.framework */,
			);
			name = Frameworks;
			sourceTree = "<group>";
		};
/* End PBXGroup section */

/* Begin PBXNativeTarget section */
		26A7217B281DB8D500ADAE44 /* GreetMe-2 */ = {
			isa = PBXNativeTarget;
			buildConfigurationList = 26A7218F281DB8D900ADAE44 /* Build configuration list for PBXNativeTarget "GreetMe-2" */;
			buildPhases = (
				92B30C402BD17A20430D5838 /* [CP] Check Pods Manifest.lock */,
				26A72178281DB8D500ADAE44 /* Sources */,
				26A72179281DB8D500ADAE44 /* Frameworks */,
				26A7217A281DB8D500ADAE44 /* Resources */,
				AA954B75BF6956AE1AD85B1E /* [CP] Embed Pods Frameworks */,
			);
			buildRules = (
			);
			dependencies = (
			);
			name = "GreetMe-2";
			packageProductDependencies = (
				C2D0B0A4287E2DC300198F0B /* ConfettiSwiftUI */,
			);
			productName = "GreetMe-2";
			productReference = 26A7217C281DB8D500ADAE44 /* GreetMe-2.app */;
			productType = "com.apple.product-type.application";
		};
/* End PBXNativeTarget section */

/* Begin PBXProject section */
		26A72174281DB8D500ADAE44 /* Project object */ = {
			isa = PBXProject;
			attributes = {
				BuildIndependentTargetsInParallel = 1;
				LastSwiftUpdateCheck = 1330;
				LastUpgradeCheck = 1330;
				TargetAttributes = {
					26A7217B281DB8D500ADAE44 = {
						CreatedOnToolsVersion = 13.3;
					};
				};
			};
			buildConfigurationList = 26A72177281DB8D500ADAE44 /* Build configuration list for PBXProject "GreetMe-2" */;
			compatibilityVersion = "Xcode 13.0";
			developmentRegion = en;
			hasScannedForEncodings = 0;
			knownRegions = (
				en,
				Base,
			);
			mainGroup = 26A72173281DB8D500ADAE44;
			packageReferences = (
				C2D0B0A3287E2DC300198F0B /* XCRemoteSwiftPackageReference "ConfettiSwiftUI" */,
			);
			productRefGroup = 26A7217D281DB8D500ADAE44 /* Products */;
			projectDirPath = "";
			projectRoot = "";
			targets = (
				26A7217B281DB8D500ADAE44 /* GreetMe-2 */,
			);
		};
/* End PBXProject section */

/* Begin PBXResourcesBuildPhase section */
		26A7217A281DB8D500ADAE44 /* Resources */ = {
			isa = PBXResourcesBuildPhase;
			buildActionMask = 2147483647;
			files = (
				26A72187281DB8D900ADAE44 /* Preview Assets.xcassets in Resources */,
				26A72184281DB8D900ADAE44 /* Assets.xcassets in Resources */,
			);
			runOnlyForDeploymentPostprocessing = 0;
		};
/* End PBXResourcesBuildPhase section */

/* Begin PBXShellScriptBuildPhase section */
		92B30C402BD17A20430D5838 /* [CP] Check Pods Manifest.lock */ = {
			isa = PBXShellScriptBuildPhase;
			buildActionMask = 2147483647;
			files = (
			);
			inputFileListPaths = (
			);
			inputPaths = (
				"${PODS_PODFILE_DIR_PATH}/Podfile.lock",
				"${PODS_ROOT}/Manifest.lock",
			);
			name = "[CP] Check Pods Manifest.lock";
			outputFileListPaths = (
			);
			outputPaths = (
				"$(DERIVED_FILE_DIR)/Pods-GreetMe-2-checkManifestLockResult.txt",
			);
			runOnlyForDeploymentPostprocessing = 0;
			shellPath = /bin/sh;
			shellScript = "diff \"${PODS_PODFILE_DIR_PATH}/Podfile.lock\" \"${PODS_ROOT}/Manifest.lock\" > /dev/null\nif [ $? != 0 ] ; then\n    # print error to STDERR\n    echo \"error: The sandbox is not in sync with the Podfile.lock. Run 'pod install' or update your CocoaPods installation.\" >&2\n    exit 1\nfi\n# This output is used by Xcode 'outputs' to avoid re-running this script phase.\necho \"SUCCESS\" > \"${SCRIPT_OUTPUT_FILE_0}\"\n";
			showEnvVarsInLog = 0;
		};
		AA954B75BF6956AE1AD85B1E /* [CP] Embed Pods Frameworks */ = {
			isa = PBXShellScriptBuildPhase;
			buildActionMask = 2147483647;
			files = (
			);
			inputFileListPaths = (
				"${PODS_ROOT}/Target Support Files/Pods-GreetMe-2/Pods-GreetMe-2-frameworks-${CONFIGURATION}-input-files.xcfilelist",
			);
			name = "[CP] Embed Pods Frameworks";
			outputFileListPaths = (
				"${PODS_ROOT}/Target Support Files/Pods-GreetMe-2/Pods-GreetMe-2-frameworks-${CONFIGURATION}-output-files.xcfilelist",
			);
			runOnlyForDeploymentPostprocessing = 0;
			shellPath = /bin/sh;
			shellScript = "\"${PODS_ROOT}/Target Support Files/Pods-GreetMe-2/Pods-GreetMe-2-frameworks.sh\"\n";
			showEnvVarsInLog = 0;
		};
/* End PBXShellScriptBuildPhase section */

/* Begin PBXSourcesBuildPhase section */
		26A72178281DB8D500ADAE44 /* Sources */ = {
			isa = PBXSourcesBuildPhase;
			buildActionMask = 2147483647;
			files = (
				260F68F7281DBDD2002E864B /* UnsplashCollectionView.swift in Sources */,
				260F68FE281DBEBD002E864B /* PingDownloadResponse.swift in Sources */,
				C23340EB28C3D589006222F5 /* FutureDelivery+CoreDataProperties.swift in Sources */,
				260F68EF281DBD93002E864B /* CollageStyleMenu.swift in Sources */,
				C28B13F828E3E106008E2C4C /* AppDelegate.swift in Sources */,
				260F68ED281DBD8D002E864B /* CollageSixView.swift in Sources */,
				26A7218C281DB8D900ADAE44 /* GreetMe_2.xcdatamodeld in Sources */,
				262C3ED3281E1E9C00F07C01 /* MenuView.swift in Sources */,
				C27430FC286335F000E17B19 /* CameraCapture.swift in Sources */,
				C22803E8289359AD00802452 /* CoreDataStack.swift in Sources */,
				C23524D22896D5F80052494F /* PreSetCalendarDates.swift in Sources */,
				26AD8127281F05160069C3F0 /* WriteNoteView.swift in Sources */,
				26AD812B281F119A0069C3F0 /* ConfirmFrontCoverView.swift in Sources */,
				C23A9D3A28989B630059B97C /* DateDetailView.swift in Sources */,
				260F68E9281DBD75002E864B /* CollageFourView.swift in Sources */,
				C23A9D3C28989C340059B97C /* CalendarView.swift in Sources */,
				26AD8129281F05310069C3F0 /* FinalizeCardView.swift in Sources */,
				260F68EB281DBD7A002E864B /* CollageOneView.swift in Sources */,
				260F68F5281DBDCD002E864B /* OccassionsMenu.swift in Sources */,
				260F68FA281DBE61002E864B /* PhotoAPI.swift in Sources */,
				2688D706285FA25100954120 /* SnapShotCardForPrint.swift in Sources */,
				260F68E7281DBD68002E864B /* CollageFiveView.swift in Sources */,
				260F68F3281DBDA7002E864B /* CollageThreeView.swift in Sources */,
				260F68E5281DBD63002E864B /* ImagePicker.swift in Sources */,
				C23A9D222897ECA90059B97C /* Card.swift in Sources */,
				C267127528D92D70004DD0B5 /* OpenOwnerShare.swift in Sources */,
				C23B622128B5ABE300D88F85 /* Notify.swift in Sources */,
				C23A9D372897F3F00059B97C /* CalendarDate+CoreDataClass.swift in Sources */,
				260F68F1281DBDA2002E864B /* CollageTwoView.swift in Sources */,
				C2DE5C98289EFECC00F8C556 /* AddEventToCalendarForm.swift in Sources */,
				262C3ED5281E226F00F07C01 /* ShowPriorCardsView.swift in Sources */,
				260F6907281DC0E3002E864B /* LoginView.swift in Sources */,
				2688D704285FA24300954120 /* SnapShotECard.swift in Sources */,
				260F68FC281DBEA0002E864B /* UnsplashResponse.swift in Sources */,
				C23A9D382897F3F00059B97C /* CalendarDate+CoreDataProperties.swift in Sources */,
				C2163D0E28C1609C00DEE861 /* ScheduleDelivery.swift in Sources */,
				26A72180281DB8D500ADAE44 /* GreetMe_2App.swift in Sources */,
				C22803E6289358E500802452 /* CloudSharingController.swift in Sources */,
				26EB55652827120C00178F0B /* EnlargeECard.swift in Sources */,
				C23340ED28C3D58D006222F5 /* FutureDelivery+CoreDataClass.swift in Sources */,
				C237E6DD294B3FE300E472AD /* CKModel.swift in Sources */,
			);
			runOnlyForDeploymentPostprocessing = 0;
		};
/* End PBXSourcesBuildPhase section */

/* Begin XCBuildConfiguration section */
		26A7218D281DB8D900ADAE44 /* Debug */ = {
			isa = XCBuildConfiguration;
			buildSettings = {
				ALWAYS_SEARCH_USER_PATHS = NO;
				CLANG_ANALYZER_NONNULL = YES;
				CLANG_ANALYZER_NUMBER_OBJECT_CONVERSION = YES_AGGRESSIVE;
				CLANG_CXX_LANGUAGE_STANDARD = "gnu++17";
				CLANG_ENABLE_MODULES = YES;
				CLANG_ENABLE_OBJC_ARC = YES;
				CLANG_ENABLE_OBJC_WEAK = YES;
				CLANG_WARN_BLOCK_CAPTURE_AUTORELEASING = YES;
				CLANG_WARN_BOOL_CONVERSION = YES;
				CLANG_WARN_COMMA = YES;
				CLANG_WARN_CONSTANT_CONVERSION = YES;
				CLANG_WARN_DEPRECATED_OBJC_IMPLEMENTATIONS = YES;
				CLANG_WARN_DIRECT_OBJC_ISA_USAGE = YES_ERROR;
				CLANG_WARN_DOCUMENTATION_COMMENTS = YES;
				CLANG_WARN_EMPTY_BODY = YES;
				CLANG_WARN_ENUM_CONVERSION = YES;
				CLANG_WARN_INFINITE_RECURSION = YES;
				CLANG_WARN_INT_CONVERSION = YES;
				CLANG_WARN_NON_LITERAL_NULL_CONVERSION = YES;
				CLANG_WARN_OBJC_IMPLICIT_RETAIN_SELF = YES;
				CLANG_WARN_OBJC_LITERAL_CONVERSION = YES;
				CLANG_WARN_OBJC_ROOT_CLASS = YES_ERROR;
				CLANG_WARN_QUOTED_INCLUDE_IN_FRAMEWORK_HEADER = YES;
				CLANG_WARN_RANGE_LOOP_ANALYSIS = YES;
				CLANG_WARN_STRICT_PROTOTYPES = YES;
				CLANG_WARN_SUSPICIOUS_MOVE = YES;
				CLANG_WARN_UNGUARDED_AVAILABILITY = YES_AGGRESSIVE;
				CLANG_WARN_UNREACHABLE_CODE = YES;
				CLANG_WARN__DUPLICATE_METHOD_MATCH = YES;
				COPY_PHASE_STRIP = NO;
				DEBUG_INFORMATION_FORMAT = dwarf;
				ENABLE_STRICT_OBJC_MSGSEND = YES;
				ENABLE_TESTABILITY = YES;
				GCC_C_LANGUAGE_STANDARD = gnu11;
				GCC_DYNAMIC_NO_PIC = NO;
				GCC_NO_COMMON_BLOCKS = YES;
				GCC_OPTIMIZATION_LEVEL = 0;
				GCC_PREPROCESSOR_DEFINITIONS = (
					"DEBUG=1",
					"$(inherited)",
				);
				GCC_WARN_64_TO_32_BIT_CONVERSION = YES;
				GCC_WARN_ABOUT_RETURN_TYPE = YES_ERROR;
				GCC_WARN_UNDECLARED_SELECTOR = YES;
				GCC_WARN_UNINITIALIZED_AUTOS = YES_AGGRESSIVE;
				GCC_WARN_UNUSED_FUNCTION = YES;
				GCC_WARN_UNUSED_VARIABLE = YES;
				IPHONEOS_DEPLOYMENT_TARGET = 15.4;
				MTL_ENABLE_DEBUG_INFO = INCLUDE_SOURCE;
				MTL_FAST_MATH = YES;
				ONLY_ACTIVE_ARCH = YES;
				SDKROOT = iphoneos;
				SWIFT_ACTIVE_COMPILATION_CONDITIONS = DEBUG;
				SWIFT_OPTIMIZATION_LEVEL = "-Onone";
			};
			name = Debug;
		};
		26A7218E281DB8D900ADAE44 /* Release */ = {
			isa = XCBuildConfiguration;
			buildSettings = {
				ALWAYS_SEARCH_USER_PATHS = NO;
				CLANG_ANALYZER_NONNULL = YES;
				CLANG_ANALYZER_NUMBER_OBJECT_CONVERSION = YES_AGGRESSIVE;
				CLANG_CXX_LANGUAGE_STANDARD = "gnu++17";
				CLANG_ENABLE_MODULES = YES;
				CLANG_ENABLE_OBJC_ARC = YES;
				CLANG_ENABLE_OBJC_WEAK = YES;
				CLANG_WARN_BLOCK_CAPTURE_AUTORELEASING = YES;
				CLANG_WARN_BOOL_CONVERSION = YES;
				CLANG_WARN_COMMA = YES;
				CLANG_WARN_CONSTANT_CONVERSION = YES;
				CLANG_WARN_DEPRECATED_OBJC_IMPLEMENTATIONS = YES;
				CLANG_WARN_DIRECT_OBJC_ISA_USAGE = YES_ERROR;
				CLANG_WARN_DOCUMENTATION_COMMENTS = YES;
				CLANG_WARN_EMPTY_BODY = YES;
				CLANG_WARN_ENUM_CONVERSION = YES;
				CLANG_WARN_INFINITE_RECURSION = YES;
				CLANG_WARN_INT_CONVERSION = YES;
				CLANG_WARN_NON_LITERAL_NULL_CONVERSION = YES;
				CLANG_WARN_OBJC_IMPLICIT_RETAIN_SELF = YES;
				CLANG_WARN_OBJC_LITERAL_CONVERSION = YES;
				CLANG_WARN_OBJC_ROOT_CLASS = YES_ERROR;
				CLANG_WARN_QUOTED_INCLUDE_IN_FRAMEWORK_HEADER = YES;
				CLANG_WARN_RANGE_LOOP_ANALYSIS = YES;
				CLANG_WARN_STRICT_PROTOTYPES = YES;
				CLANG_WARN_SUSPICIOUS_MOVE = YES;
				CLANG_WARN_UNGUARDED_AVAILABILITY = YES_AGGRESSIVE;
				CLANG_WARN_UNREACHABLE_CODE = YES;
				CLANG_WARN__DUPLICATE_METHOD_MATCH = YES;
				COPY_PHASE_STRIP = NO;
				DEBUG_INFORMATION_FORMAT = "dwarf-with-dsym";
				ENABLE_NS_ASSERTIONS = NO;
				ENABLE_STRICT_OBJC_MSGSEND = YES;
				GCC_C_LANGUAGE_STANDARD = gnu11;
				GCC_NO_COMMON_BLOCKS = YES;
				GCC_WARN_64_TO_32_BIT_CONVERSION = YES;
				GCC_WARN_ABOUT_RETURN_TYPE = YES_ERROR;
				GCC_WARN_UNDECLARED_SELECTOR = YES;
				GCC_WARN_UNINITIALIZED_AUTOS = YES_AGGRESSIVE;
				GCC_WARN_UNUSED_FUNCTION = YES;
				GCC_WARN_UNUSED_VARIABLE = YES;
				IPHONEOS_DEPLOYMENT_TARGET = 15.4;
				MTL_ENABLE_DEBUG_INFO = NO;
				MTL_FAST_MATH = YES;
				SDKROOT = iphoneos;
				SWIFT_COMPILATION_MODE = wholemodule;
				SWIFT_OPTIMIZATION_LEVEL = "-O";
				VALIDATE_PRODUCT = YES;
			};
			name = Release;
		};
		26A72190281DB8D900ADAE44 /* Debug */ = {
			isa = XCBuildConfiguration;
			baseConfigurationReference = 93AAAE1CF8AE1CB82C760293 /* Pods-GreetMe-2.debug.xcconfig */;
			buildSettings = {
				ASSETCATALOG_COMPILER_APPICON_NAME = AppIcon;
				ASSETCATALOG_COMPILER_GLOBAL_ACCENT_COLOR_NAME = AccentColor;
				CODE_SIGN_ENTITLEMENTS = "GreetMe-2/GreetMe-2.entitlements";
				CODE_SIGN_STYLE = Automatic;
				CURRENT_PROJECT_VERSION = 1;
				DEVELOPMENT_ASSET_PATHS = "\"GreetMe-2/Preview Content\"";
				DEVELOPMENT_TEAM = BSM3YZFUT2;
				ENABLE_PREVIEWS = YES;
				GENERATE_INFOPLIST_FILE = YES;
				INFOPLIST_FILE = "GreetMe-2/Info.plist";
				INFOPLIST_KEY_NSCameraUsageDescription = "Use Camera for Front Cover Image";
				INFOPLIST_KEY_NSPhotoLibraryAddUsageDescription = "Add Photos Taken from Camera to Photo Library";
				INFOPLIST_KEY_NSPhotoLibraryUsageDescription = "User Photos for Front Cover";
				INFOPLIST_KEY_UIApplicationSceneManifest_Generation = YES;
				INFOPLIST_KEY_UIApplicationSupportsIndirectInputEvents = YES;
				INFOPLIST_KEY_UILaunchScreen_Generation = YES;
				INFOPLIST_KEY_UISupportedInterfaceOrientations_iPad = "UIInterfaceOrientationPortrait UIInterfaceOrientationPortraitUpsideDown UIInterfaceOrientationLandscapeLeft UIInterfaceOrientationLandscapeRight";
				INFOPLIST_KEY_UISupportedInterfaceOrientations_iPhone = "UIInterfaceOrientationPortrait UIInterfaceOrientationLandscapeLeft UIInterfaceOrientationLandscapeRight";
				IPHONEOS_DEPLOYMENT_TARGET = 15.6;
				LD_RUNPATH_SEARCH_PATHS = (
					"$(inherited)",
					"@executable_path/Frameworks",
				);
				MARKETING_VERSION = 1.0;
				PRODUCT_BUNDLE_IDENTIFIER = "Sam.GreetMe-2.0";
				PRODUCT_NAME = "$(TARGET_NAME)";
				SWIFT_EMIT_LOC_STRINGS = YES;
				SWIFT_VERSION = 5.0;
				TARGETED_DEVICE_FAMILY = "1,2";
			};
			name = Debug;
		};
		26A72191281DB8D900ADAE44 /* Release */ = {
			isa = XCBuildConfiguration;
			baseConfigurationReference = EA0978C9D748CE0611B19D5A /* Pods-GreetMe-2.release.xcconfig */;
			buildSettings = {
				ASSETCATALOG_COMPILER_APPICON_NAME = AppIcon;
				ASSETCATALOG_COMPILER_GLOBAL_ACCENT_COLOR_NAME = AccentColor;
				CODE_SIGN_ENTITLEMENTS = "GreetMe-2/GreetMe-2.entitlements";
				CODE_SIGN_STYLE = Automatic;
				CURRENT_PROJECT_VERSION = 1;
				DEVELOPMENT_ASSET_PATHS = "\"GreetMe-2/Preview Content\"";
				DEVELOPMENT_TEAM = BSM3YZFUT2;
				ENABLE_PREVIEWS = YES;
				GENERATE_INFOPLIST_FILE = YES;
				INFOPLIST_FILE = "GreetMe-2/Info.plist";
				INFOPLIST_KEY_NSCameraUsageDescription = "Use Camera for Front Cover Image";
				INFOPLIST_KEY_NSPhotoLibraryAddUsageDescription = "Add Photos Taken from Camera to Photo Library";
				INFOPLIST_KEY_NSPhotoLibraryUsageDescription = "User Photos for Front Cover";
				INFOPLIST_KEY_UIApplicationSceneManifest_Generation = YES;
				INFOPLIST_KEY_UIApplicationSupportsIndirectInputEvents = YES;
				INFOPLIST_KEY_UILaunchScreen_Generation = YES;
				INFOPLIST_KEY_UISupportedInterfaceOrientations_iPad = "UIInterfaceOrientationPortrait UIInterfaceOrientationPortraitUpsideDown UIInterfaceOrientationLandscapeLeft UIInterfaceOrientationLandscapeRight";
				INFOPLIST_KEY_UISupportedInterfaceOrientations_iPhone = "UIInterfaceOrientationPortrait UIInterfaceOrientationLandscapeLeft UIInterfaceOrientationLandscapeRight";
				IPHONEOS_DEPLOYMENT_TARGET = 15.6;
				LD_RUNPATH_SEARCH_PATHS = (
					"$(inherited)",
					"@executable_path/Frameworks",
				);
				MARKETING_VERSION = 1.0;
				PRODUCT_BUNDLE_IDENTIFIER = "Sam.GreetMe-2.0";
				PRODUCT_NAME = "$(TARGET_NAME)";
				SWIFT_EMIT_LOC_STRINGS = YES;
				SWIFT_VERSION = 5.0;
				TARGETED_DEVICE_FAMILY = "1,2";
			};
			name = Release;
		};
/* End XCBuildConfiguration section */

/* Begin XCConfigurationList section */
		26A72177281DB8D500ADAE44 /* Build configuration list for PBXProject "GreetMe-2" */ = {
			isa = XCConfigurationList;
			buildConfigurations = (
				26A7218D281DB8D900ADAE44 /* Debug */,
				26A7218E281DB8D900ADAE44 /* Release */,
			);
			defaultConfigurationIsVisible = 0;
			defaultConfigurationName = Release;
		};
		26A7218F281DB8D900ADAE44 /* Build configuration list for PBXNativeTarget "GreetMe-2" */ = {
			isa = XCConfigurationList;
			buildConfigurations = (
				26A72190281DB8D900ADAE44 /* Debug */,
				26A72191281DB8D900ADAE44 /* Release */,
			);
			defaultConfigurationIsVisible = 0;
			defaultConfigurationName = Release;
		};
/* End XCConfigurationList section */

/* Begin XCRemoteSwiftPackageReference section */
		C2D0B0A3287E2DC300198F0B /* XCRemoteSwiftPackageReference "ConfettiSwiftUI" */ = {
			isa = XCRemoteSwiftPackageReference;
			repositoryURL = "https://github.com/simibac/ConfettiSwiftUI.git";
			requirement = {
				kind = upToNextMajorVersion;
				minimumVersion = 1.0.0;
			};
		};
/* End XCRemoteSwiftPackageReference section */

/* Begin XCSwiftPackageProductDependency section */
		C2D0B0A4287E2DC300198F0B /* ConfettiSwiftUI */ = {
			isa = XCSwiftPackageProductDependency;
			package = C2D0B0A3287E2DC300198F0B /* XCRemoteSwiftPackageReference "ConfettiSwiftUI" */;
			productName = ConfettiSwiftUI;
		};
/* End XCSwiftPackageProductDependency section */

/* Begin XCVersionGroup section */
		26A7218A281DB8D900ADAE44 /* GreetMe_2.xcdatamodeld */ = {
			isa = XCVersionGroup;
			children = (
				26A7218B281DB8D900ADAE44 /* GreetMe_2.xcdatamodel */,
			);
			currentVersion = 26A7218B281DB8D900ADAE44 /* GreetMe_2.xcdatamodel */;
			path = GreetMe_2.xcdatamodeld;
			sourceTree = "<group>";
			versionGroupType = wrapper.xcdatamodel;
		};
/* End XCVersionGroup section */
	};
	rootObject = 26A72174281DB8D500ADAE44 /* Project object */;
}
