{
  "pins" : [
    {
      "identity" : "microsoft-authentication-library-for-objc",
      "kind" : "remoteSourceControl",
      "location" : "https://github.com/AzureAD/microsoft-authentication-library-for-objc.git",
      "state" : {
        "revision" : "fec267ef6af6a7efec081f8f61c41e32bffc05c6",
        "version" : "1.2.21"
      }
    }
  ],
  "version" : 2
}
